
Microsoft Visual Studio Solution File, Format Version 12.00
# Visual Studio Version 16
VisualStudioVersion = 16.0.31911.196
MinimumVisualStudioVersion = 10.0.40219.1
Project("{FAE04EC0-301F-11D3-BF4B-00C04F79EFBC}") = "UI_Cafeteria", "UI_Cafeteria\UI_Cafeteria.csproj", "{0FA00B62-89A6-4A1E-A53D-9EC89426C27B}"
EndProject
Project("{FAE04EC0-301F-11D3-BF4B-00C04F79EFBC}") = "BLL", "BLL\BLL.csproj", "{C66B912E-C511-409B-B2E6-B3F7BD8A9809}"
EndProject
Project("{FAE04EC0-301F-11D3-BF4B-00C04F79EFBC}") = "DAL", "DAL\DAL.csproj", "{296A4873-EDE2-48C0-8773-EE0923DF3D5D}"
EndProject
Project("{FAE04EC0-301F-11D3-BF4B-00C04F79EFBC}") = "UI_Atendimento", "..\Cafeteria_Atendimento\UI_Atendimento\UI_Atendimento.csproj", "{8A61E21B-4DD1-4645-A10D-4A01D022FE65}"
EndProject
Project("{FAE04EC0-301F-11D3-BF4B-00C04F79EFBC}") = "DAL_Atendimento", "..\Cafeteria_Atendimento\DAL_Atendimento\DAL_Atendimento.csproj", "{090C0508-0235-43FD-A6C0-C553FA302931}"
EndProject
Project("{FAE04EC0-301F-11D3-BF4B-00C04F79EFBC}") = "BLL_Atendimento", "..\Cafeteria_Atendimento\BLL_Atendimento\BLL_Atendimento.csproj", "{E627C722-712C-4373-B85F-D4E8B38A9228}"
EndProject
Global
	GlobalSection(SolutionConfigurationPlatforms) = preSolution
		Debug|Any CPU = Debug|Any CPU
		Release|Any CPU = Release|Any CPU
	EndGlobalSection
	GlobalSection(ProjectConfigurationPlatforms) = postSolution
		{0FA00B62-89A6-4A1E-A53D-9EC89426C27B}.Debug|Any CPU.ActiveCfg = Debug|Any CPU
		{0FA00B62-89A6-4A1E-A53D-9EC89426C27B}.Debug|Any CPU.Build.0 = Debug|Any CPU
		{0FA00B62-89A6-4A1E-A53D-9EC89426C27B}.Release|Any CPU.ActiveCfg = Release|Any CPU
		{0FA00B62-89A6-4A1E-A53D-9EC89426C27B}.Release|Any CPU.Build.0 = Release|Any CPU
		{C66B912E-C511-409B-B2E6-B3F7BD8A9809}.Debug|Any CPU.ActiveCfg = Debug|Any CPU
		{C66B912E-C511-409B-B2E6-B3F7BD8A9809}.Debug|Any CPU.Build.0 = Debug|Any CPU
		{C66B912E-C511-409B-B2E6-B3F7BD8A9809}.Release|Any CPU.ActiveCfg = Release|Any CPU
		{C66B912E-C511-409B-B2E6-B3F7BD8A9809}.Release|Any CPU.Build.0 = Release|Any CPU
		{296A4873-EDE2-48C0-8773-EE0923DF3D5D}.Debug|Any CPU.ActiveCfg = Debug|Any CPU
		{296A4873-EDE2-48C0-8773-EE0923DF3D5D}.Debug|Any CPU.Build.0 = Debug|Any CPU
		{296A4873-EDE2-48C0-8773-EE0923DF3D5D}.Release|Any CPU.ActiveCfg = Release|Any CPU
		{296A4873-EDE2-48C0-8773-EE0923DF3D5D}.Release|Any CPU.Build.0 = Release|Any CPU
		{8A61E21B-4DD1-4645-A10D-4A01D022FE65}.Debug|Any CPU.ActiveCfg = Debug|Any CPU
		{8A61E21B-4DD1-4645-A10D-4A01D022FE65}.Debug|Any CPU.Build.0 = Debug|Any CPU
		{8A61E21B-4DD1-4645-A10D-4A01D022FE65}.Release|Any CPU.ActiveCfg = Release|Any CPU
		{8A61E21B-4DD1-4645-A10D-4A01D022FE65}.Release|Any CPU.Build.0 = Release|Any CPU
		{090C0508-0235-43FD-A6C0-C553FA302931}.Debug|Any CPU.ActiveCfg = Debug|Any CPU
		{090C0508-0235-43FD-A6C0-C553FA302931}.Debug|Any CPU.Build.0 = Debug|Any CPU
		{090C0508-0235-43FD-A6C0-C553FA302931}.Release|Any CPU.ActiveCfg = Release|Any CPU
		{090C0508-0235-43FD-A6C0-C553FA302931}.Release|Any CPU.Build.0 = Release|Any CPU
		{E627C722-712C-4373-B85F-D4E8B38A9228}.Debug|Any CPU.ActiveCfg = Debug|Any CPU
		{E627C722-712C-4373-B85F-D4E8B38A9228}.Debug|Any CPU.Build.0 = Debug|Any CPU
		{E627C722-712C-4373-B85F-D4E8B38A9228}.Release|Any CPU.ActiveCfg = Release|Any CPU
		{E627C722-712C-4373-B85F-D4E8B38A9228}.Release|Any CPU.Build.0 = Release|Any CPU
	EndGlobalSection
	GlobalSection(SolutionProperties) = preSolution
		HideSolutionNode = FALSE
	EndGlobalSection
	GlobalSection(ExtensibilityGlobals) = postSolution
		SolutionGuid = {63809B4E-E32C-4C4F-8914-FDEFA2F0C0E8}
	EndGlobalSection
EndGlobal
